
Microsoft Visual Studio Solution File, Format Version 12.00
# Visual Studio 15
VisualStudioVersion = 15.0.27130.2027
MinimumVisualStudioVersion = 10.0.40219.1
Project("{2150E333-8FDC-42A3-9474-1A3956D46DE8}") = "1 - Apresentacao", "1 - Apresentacao", "{0FE31644-E93A-4BA5-BF49-027D5D4E739C}"
EndProject
Project("{2150E333-8FDC-42A3-9474-1A3956D46DE8}") = "2 - Services", "2 - Services", "{59E860CB-3DC3-49B4-ADE1-F926E226E10A}"
EndProject
Project("{2150E333-8FDC-42A3-9474-1A3956D46DE8}") = "3 - Aplicacao", "3 - Aplicacao", "{170B4551-CF0C-474B-837D-C32344E2D841}"
EndProject
Project("{2150E333-8FDC-42A3-9474-1A3956D46DE8}") = "4 - Dominio", "4 - Dominio", "{ADE957D8-A6AC-47E3-8ABD-390F0A5FA55C}"
EndProject
Project("{2150E333-8FDC-42A3-9474-1A3956D46DE8}") = "5 - Infra", "5 - Infra", "{E866A9E9-EE97-4A15-9546-F4C66B9CA441}"
EndProject
Project("{2150E333-8FDC-42A3-9474-1A3956D46DE8}") = "5.1 - CrossCutting", "5.1 - CrossCutting", "{F969AF08-7047-45A8-AD45-E6C84441C7C4}"
EndProject
Project("{2150E333-8FDC-42A3-9474-1A3956D46DE8}") = "5.2 - Persistencia", "5.2 - Persistencia", "{33353031-158A-469E-84C0-40F7031AAA0A}"
EndProject
Project("{FAE04EC0-301F-11D3-BF4B-00C04F79EFBC}") = "GrupoAOX.Estagio.MVC", "GrupoAOX.Estagio.MVC\GrupoAOX.Estagio.MVC.csproj", "{61DF82E7-ABCB-46E0-8B63-BD03C0A8F658}"
EndProject
Project("{FAE04EC0-301F-11D3-BF4B-00C04F79EFBC}") = "GrupoAOX.Estagio.Aplicacao", "GrupoAOX.Estagio.Application\GrupoAOX.Estagio.Aplicacao.csproj", "{6D92EEEF-6174-415D-BA3B-2BCED91C3E86}"
EndProject
Project("{FAE04EC0-301F-11D3-BF4B-00C04F79EFBC}") = "GrupoAOX.Estagio.Dominio", "GrupoAox.Estagio.Domain\GrupoAOX.Estagio.Dominio.csproj", "{09456FD5-ABB2-4537-98C5-A14A4EF4A30D}"
EndProject
Project("{FAE04EC0-301F-11D3-BF4B-00C04F79EFBC}") = "GrupoAOX.Estagio.Persistencia", "GrupoAOX.Estagio.Data\GrupoAOX.Estagio.Persistencia.csproj", "{165074D3-5085-4109-A372-5985FFDDFC9D}"
EndProject
Global
	GlobalSection(SolutionConfigurationPlatforms) = preSolution
		Debug|Any CPU = Debug|Any CPU
		Release|Any CPU = Release|Any CPU
	EndGlobalSection
	GlobalSection(ProjectConfigurationPlatforms) = postSolution
		{61DF82E7-ABCB-46E0-8B63-BD03C0A8F658}.Debug|Any CPU.ActiveCfg = Debug|Any CPU
		{61DF82E7-ABCB-46E0-8B63-BD03C0A8F658}.Debug|Any CPU.Build.0 = Debug|Any CPU
		{61DF82E7-ABCB-46E0-8B63-BD03C0A8F658}.Release|Any CPU.ActiveCfg = Release|Any CPU
		{61DF82E7-ABCB-46E0-8B63-BD03C0A8F658}.Release|Any CPU.Build.0 = Release|Any CPU
		{6D92EEEF-6174-415D-BA3B-2BCED91C3E86}.Debug|Any CPU.ActiveCfg = Debug|Any CPU
		{6D92EEEF-6174-415D-BA3B-2BCED91C3E86}.Debug|Any CPU.Build.0 = Debug|Any CPU
		{6D92EEEF-6174-415D-BA3B-2BCED91C3E86}.Release|Any CPU.ActiveCfg = Release|Any CPU
		{6D92EEEF-6174-415D-BA3B-2BCED91C3E86}.Release|Any CPU.Build.0 = Release|Any CPU
		{09456FD5-ABB2-4537-98C5-A14A4EF4A30D}.Debug|Any CPU.ActiveCfg = Debug|Any CPU
		{09456FD5-ABB2-4537-98C5-A14A4EF4A30D}.Debug|Any CPU.Build.0 = Debug|Any CPU
		{09456FD5-ABB2-4537-98C5-A14A4EF4A30D}.Release|Any CPU.ActiveCfg = Release|Any CPU
		{09456FD5-ABB2-4537-98C5-A14A4EF4A30D}.Release|Any CPU.Build.0 = Release|Any CPU
		{165074D3-5085-4109-A372-5985FFDDFC9D}.Debug|Any CPU.ActiveCfg = Debug|Any CPU
		{165074D3-5085-4109-A372-5985FFDDFC9D}.Debug|Any CPU.Build.0 = Debug|Any CPU
		{165074D3-5085-4109-A372-5985FFDDFC9D}.Release|Any CPU.ActiveCfg = Release|Any CPU
		{165074D3-5085-4109-A372-5985FFDDFC9D}.Release|Any CPU.Build.0 = Release|Any CPU
	EndGlobalSection
	GlobalSection(SolutionProperties) = preSolution
		HideSolutionNode = FALSE
	EndGlobalSection
	GlobalSection(NestedProjects) = preSolution
		{F969AF08-7047-45A8-AD45-E6C84441C7C4} = {E866A9E9-EE97-4A15-9546-F4C66B9CA441}
		{33353031-158A-469E-84C0-40F7031AAA0A} = {E866A9E9-EE97-4A15-9546-F4C66B9CA441}
		{61DF82E7-ABCB-46E0-8B63-BD03C0A8F658} = {0FE31644-E93A-4BA5-BF49-027D5D4E739C}
		{6D92EEEF-6174-415D-BA3B-2BCED91C3E86} = {170B4551-CF0C-474B-837D-C32344E2D841}
		{09456FD5-ABB2-4537-98C5-A14A4EF4A30D} = {ADE957D8-A6AC-47E3-8ABD-390F0A5FA55C}
		{165074D3-5085-4109-A372-5985FFDDFC9D} = {33353031-158A-469E-84C0-40F7031AAA0A}
	EndGlobalSection
	GlobalSection(ExtensibilityGlobals) = postSolution
		SolutionGuid = {CBE8D847-67B2-4464-8205-82657323E5A9}
	EndGlobalSection
EndGlobal
